
Microsoft Visual Studio Solution File, Format Version 12.00
# Visual Studio Version 17
VisualStudioVersion = 17.8.34309.116
MinimumVisualStudioVersion = 10.0.40219.1
Project("{8BC9CEB8-8B4A-11D0-8D11-00A0C91BC942}") = "G-PlusV2", "G-PlusV2\G-PlusV2.vcxproj", "{024B0074-4A36-476E-80BA-71EB05A1C674}"
EndProject
Project("{8BC9CEB8-8B4A-11D0-8D11-00A0C91BC942}") = "HookModule", "HookModule\HookModule.vcxproj", "{45883FA1-13ED-45F7-B9BB-2E060996A4CA}"
EndProject
Global
	GlobalSection(SolutionConfigurationPlatforms) = preSolution
		Debug|x64 = Debug|x64
		Debug|x86 = Debug|x86
		Release|x64 = Release|x64
		Release|x86 = Release|x86
	EndGlobalSection
	GlobalSection(ProjectConfigurationPlatforms) = postSolution
		{024B0074-4A36-476E-80BA-71EB05A1C674}.Debug|x64.ActiveCfg = Debug|x64
		{024B0074-4A36-476E-80BA-71EB05A1C674}.Debug|x64.Build.0 = Debug|x64
		{024B0074-4A36-476E-80BA-71EB05A1C674}.Debug|x86.ActiveCfg = Debug|Win32
		{024B0074-4A36-476E-80BA-71EB05A1C674}.Debug|x86.Build.0 = Debug|Win32
		{024B0074-4A36-476E-80BA-71EB05A1C674}.Release|x64.ActiveCfg = Release|x64
		{024B0074-4A36-476E-80BA-71EB05A1C674}.Release|x64.Build.0 = Release|x64
		{024B0074-4A36-476E-80BA-71EB05A1C674}.Release|x86.ActiveCfg = Release|Win32
		{024B0074-4A36-476E-80BA-71EB05A1C674}.Release|x86.Build.0 = Release|Win32
		{45883FA1-13ED-45F7-B9BB-2E060996A4CA}.Debug|x64.ActiveCfg = Debug|x64
		{45883FA1-13ED-45F7-B9BB-2E060996A4CA}.Debug|x64.Build.0 = Debug|x64
		{45883FA1-13ED-45F7-B9BB-2E060996A4CA}.Debug|x86.ActiveCfg = Debug|Win32
		{45883FA1-13ED-45F7-B9BB-2E060996A4CA}.Debug|x86.Build.0 = Debug|Win32
		{45883FA1-13ED-45F7-B9BB-2E060996A4CA}.Release|x64.ActiveCfg = Release|x64
		{45883FA1-13ED-45F7-B9BB-2E060996A4CA}.Release|x64.Build.0 = Release|x64
		{45883FA1-13ED-45F7-B9BB-2E060996A4CA}.Release|x86.ActiveCfg = Release|Win32
		{45883FA1-13ED-45F7-B9BB-2E060996A4CA}.Release|x86.Build.0 = Release|Win32
	EndGlobalSection
	GlobalSection(SolutionProperties) = preSolution
		HideSolutionNode = FALSE
	EndGlobalSection
	GlobalSection(ExtensibilityGlobals) = postSolution
		SolutionGuid = {629E5E15-A9C5-49CC-9698-3D246A62AB62}
	EndGlobalSection
EndGlobal
