<?xml version="1.0" encoding="utf-8"?>
<Project ToolsVersion="4.0" xmlns="http://schemas.microsoft.com/developer/msbuild/2003">
  <ItemGroup>
    <Filter Include="Source Files">
      <UniqueIdentifier>{4FC737F1-C7A5-4376-A066-2A32D752A2FF}</UniqueIdentifier>
      <Extensions>cpp;c;cc;cxx;c++;cppm;ixx;def;odl;idl;hpj;bat;asm;asmx</Extensions>
    </Filter>
    <Filter Include="Header Files">
      <UniqueIdentifier>{93995380-89BD-4b04-88EB-625FBE52EBFB}</UniqueIdentifier>
      <Extensions>h;hh;hpp;hxx;h++;hm;inl;inc;ipp;xsd</Extensions>
    </Filter>
    <Filter Include="Resource Files">
      <UniqueIdentifier>{67DA6AB6-F800-4c08-8B7A-83BB121AAD01}</UniqueIdentifier>
      <Extensions>rc;ico;cur;bmp;dlg;rc2;rct;bin;rgs;gif;jpg;jpeg;jpe;resx;tiff;tif;png;wav;mfcribbon-ms</Extensions>
    </Filter>
    <Filter Include="Header Files\Client">
      <UniqueIdentifier>{3c100c5e-2bf5-4df8-b403-c22654694328}</UniqueIdentifier>
    </Filter>
    <Filter Include="Header Files\Server">
      <UniqueIdentifier>{c904f75c-d87b-4f19-8edd-ff73847a697c}</UniqueIdentifier>
    </Filter>
    <Filter Include="Header Files\Steam">
      <UniqueIdentifier>{1d37bb8b-abec-49ba-a7f9-2134693dd9e4}</UniqueIdentifier>
    </Filter>
    <Filter Include="Header Files\GMOD">
      <UniqueIdentifier>{11c51372-62e4-431b-b171-6ec09c52d057}</UniqueIdentifier>
    </Filter>
    <Filter Include="Header Files\Memory">
      <UniqueIdentifier>{f747cd64-7262-475d-b1e7-4fdb540b35bf}</UniqueIdentifier>
    </Filter>
    <Filter Include="Source Files\Handlers">
      <UniqueIdentifier>{dfe9250e-0fe2-4fe2-bd3f-e398d3bc68ea}</UniqueIdentifier>
    </Filter>
    <Filter Include="Header Files\Pages">
      <UniqueIdentifier>{a221b1f2-526f-4fba-b1d4-9551eb579e19}</UniqueIdentifier>
    </Filter>
    <Filter Include="Header Files\API">
      <UniqueIdentifier>{00970b15-e17b-44e6-ad0e-55651c6d8349}</UniqueIdentifier>
    </Filter>
  </ItemGroup>
  <ItemGroup>
    <ClCompile Include="G-PlusV2.cpp">
      <Filter>Source Files</Filter>
    </ClCompile>
    <ClCompile Include="Client.cpp">
      <Filter>Source Files\Handlers</Filter>
    </ClCompile>
    <ClCompile Include="Server.cpp">
      <Filter>Source Files\Handlers</Filter>
    </ClCompile>
    <ClCompile Include="Memory.cpp">
      <Filter>Source Files\Handlers</Filter>
    </ClCompile>
    <ClCompile Include="pages.cpp">
      <Filter>Source Files\Handlers</Filter>
    </ClCompile>
    <ClCompile Include="GMOD.cpp">
      <Filter>Source Files\Handlers</Filter>
    </ClCompile>
    <ClCompile Include="Steam.cpp">
      <Filter>Source Files\Handlers</Filter>
    </ClCompile>
  </ItemGroup>
  <ItemGroup>
    <ClInclude Include="Client.h">
      <Filter>Header Files\Client</Filter>
    </ClInclude>
    <ClInclude Include="Server.h">
      <Filter>Header Files\Server</Filter>
    </ClInclude>
    <ClInclude Include="Steam.h">
      <Filter>Header Files\Steam</Filter>
    </ClInclude>
    <ClInclude Include="GMOD.h">
      <Filter>Header Files\GMOD</Filter>
    </ClInclude>
    <ClInclude Include="Memory.h">
      <Filter>Header Files\Memory</Filter>
    </ClInclude>
    <ClInclude Include="pages.h">
      <Filter>Header Files\Pages</Filter>
    </ClInclude>
  </ItemGroup>
</Project>